
Microsoft Visual Studio Solution File, Format Version 12.00
# Visual Studio Version 17
VisualStudioVersion = 17.4.33103.184
MinimumVisualStudioVersion = 10.0.40219.1
Project("{9A19103F-16F7-4668-BE54-9A1E7A4F7556}") = "ZxoPTUF", "ZxoPTUF\ZxoPTUF.csproj", "{6AF21846-FD9C-49B3-B468-42113F943D9F}"
EndProject
Project("{9A19103F-16F7-4668-BE54-9A1E7A4F7556}") = "ZxoTests", "ZxoTests\ZxoTests.csproj", "{A7E47C3B-8F24-441E-B05C-B4F8025F5BF1}"
EndProject
Project("{9A19103F-16F7-4668-BE54-9A1E7A4F7556}") = "UndertaleModLib", "..\..\..\Documents\UndertaleModTool\UndertaleModLib\UndertaleModLib.csproj", "{DC566D2D-11E9-4F72-A391-97BC5D280D2D}"
EndProject
Project("{FAE04EC0-301F-11D3-BF4B-00C04F79EFBC}") = "CrossChecker", "CrossChecker\CrossChecker.csproj", "{44DE4F37-B05A-405A-B521-F735149B4F26}"
EndProject
Global
	GlobalSection(SolutionConfigurationPlatforms) = preSolution
		Debug|Any CPU = Debug|Any CPU
		Debug|x64 = Debug|x64
		Release|Any CPU = Release|Any CPU
		Release|x64 = Release|x64
	EndGlobalSection
	GlobalSection(ProjectConfigurationPlatforms) = postSolution
		{6AF21846-FD9C-49B3-B468-42113F943D9F}.Debug|Any CPU.ActiveCfg = Debug|Any CPU
		{6AF21846-FD9C-49B3-B468-42113F943D9F}.Debug|Any CPU.Build.0 = Debug|Any CPU
		{6AF21846-FD9C-49B3-B468-42113F943D9F}.Debug|x64.ActiveCfg = Debug|Any CPU
		{6AF21846-FD9C-49B3-B468-42113F943D9F}.Debug|x64.Build.0 = Debug|Any CPU
		{6AF21846-FD9C-49B3-B468-42113F943D9F}.Release|Any CPU.ActiveCfg = Release|Any CPU
		{6AF21846-FD9C-49B3-B468-42113F943D9F}.Release|Any CPU.Build.0 = Release|Any CPU
		{6AF21846-FD9C-49B3-B468-42113F943D9F}.Release|x64.ActiveCfg = Release|Any CPU
		{6AF21846-FD9C-49B3-B468-42113F943D9F}.Release|x64.Build.0 = Release|Any CPU
		{A7E47C3B-8F24-441E-B05C-B4F8025F5BF1}.Debug|Any CPU.ActiveCfg = Debug|Any CPU
		{A7E47C3B-8F24-441E-B05C-B4F8025F5BF1}.Debug|Any CPU.Build.0 = Debug|Any CPU
		{A7E47C3B-8F24-441E-B05C-B4F8025F5BF1}.Debug|x64.ActiveCfg = Debug|Any CPU
		{A7E47C3B-8F24-441E-B05C-B4F8025F5BF1}.Debug|x64.Build.0 = Debug|Any CPU
		{A7E47C3B-8F24-441E-B05C-B4F8025F5BF1}.Release|Any CPU.ActiveCfg = Release|Any CPU
		{A7E47C3B-8F24-441E-B05C-B4F8025F5BF1}.Release|Any CPU.Build.0 = Release|Any CPU
		{A7E47C3B-8F24-441E-B05C-B4F8025F5BF1}.Release|x64.ActiveCfg = Release|Any CPU
		{A7E47C3B-8F24-441E-B05C-B4F8025F5BF1}.Release|x64.Build.0 = Release|Any CPU
		{DC566D2D-11E9-4F72-A391-97BC5D280D2D}.Debug|Any CPU.ActiveCfg = Debug|Any CPU
		{DC566D2D-11E9-4F72-A391-97BC5D280D2D}.Debug|Any CPU.Build.0 = Debug|Any CPU
		{DC566D2D-11E9-4F72-A391-97BC5D280D2D}.Debug|x64.ActiveCfg = Debug|x64
		{DC566D2D-11E9-4F72-A391-97BC5D280D2D}.Debug|x64.Build.0 = Debug|x64
		{DC566D2D-11E9-4F72-A391-97BC5D280D2D}.Release|Any CPU.ActiveCfg = Release|Any CPU
		{DC566D2D-11E9-4F72-A391-97BC5D280D2D}.Release|Any CPU.Build.0 = Release|Any CPU
		{DC566D2D-11E9-4F72-A391-97BC5D280D2D}.Release|x64.ActiveCfg = Release|x64
		{DC566D2D-11E9-4F72-A391-97BC5D280D2D}.Release|x64.Build.0 = Release|x64
		{44DE4F37-B05A-405A-B521-F735149B4F26}.Debug|Any CPU.ActiveCfg = Debug|Any CPU
		{44DE4F37-B05A-405A-B521-F735149B4F26}.Debug|Any CPU.Build.0 = Debug|Any CPU
		{44DE4F37-B05A-405A-B521-F735149B4F26}.Debug|x64.ActiveCfg = Debug|Any CPU
		{44DE4F37-B05A-405A-B521-F735149B4F26}.Debug|x64.Build.0 = Debug|Any CPU
		{44DE4F37-B05A-405A-B521-F735149B4F26}.Release|Any CPU.ActiveCfg = Release|Any CPU
		{44DE4F37-B05A-405A-B521-F735149B4F26}.Release|Any CPU.Build.0 = Release|Any CPU
		{44DE4F37-B05A-405A-B521-F735149B4F26}.Release|x64.ActiveCfg = Release|Any CPU
		{44DE4F37-B05A-405A-B521-F735149B4F26}.Release|x64.Build.0 = Release|Any CPU
	EndGlobalSection
	GlobalSection(SolutionProperties) = preSolution
		HideSolutionNode = FALSE
	EndGlobalSection
	GlobalSection(ExtensibilityGlobals) = postSolution
		SolutionGuid = {92089C87-6A27-4C38-89CE-94A05E4843CD}
	EndGlobalSection
EndGlobal
